
Microsoft Visual Studio Solution File, Format Version 12.00
# Visual Studio Version 16
VisualStudioVersion = 16.0.30104.148
MinimumVisualStudioVersion = 10.0.40219.1
Project("{FAE04EC0-301F-11D3-BF4B-00C04F79EFBC}") = "EmpInfoSys", "EmpInfoSys\EmpInfoSys.csproj", "{9BB30A77-0A27-4225-A478-832FE85EBD14}"
EndProject
Global
	GlobalSection(SolutionConfigurationPlatforms) = preSolution
		Debug|Any CPU = Debug|Any CPU
		Release|Any CPU = Release|Any CPU
	EndGlobalSection
	GlobalSection(ProjectConfigurationPlatforms) = postSolution
		{9BB30A77-0A27-4225-A478-832FE85EBD14}.Debug|Any CPU.ActiveCfg = Debug|Any CPU
		{9BB30A77-0A27-4225-A478-832FE85EBD14}.Debug|Any CPU.Build.0 = Debug|Any CPU
		{9BB30A77-0A27-4225-A478-832FE85EBD14}.Release|Any CPU.ActiveCfg = Release|Any CPU
		{9BB30A77-0A27-4225-A478-832FE85EBD14}.Release|Any CPU.Build.0 = Release|Any CPU
	EndGlobalSection
	GlobalSection(SolutionProperties) = preSolution
		HideSolutionNode = FALSE
	EndGlobalSection
	GlobalSection(ExtensibilityGlobals) = postSolution
		SolutionGuid = {84F8CF98-F14B-45DB-848C-A4360E2B79D4}
	EndGlobalSection
EndGlobal
